
Microsoft Visual Studio Solution File, Format Version 12.00
# Visual Studio 14
VisualStudioVersion = 14.0.25420.1
MinimumVisualStudioVersion = 10.0.40219.1
Project("{E24C65DC-7377-472B-9ABA-BC803B73C61A}") = "Website", "Website\", "{099FD59D-09E7-4402-9119-2731A8871D17}"
	ProjectSection(WebsiteProperties) = preProject
		TargetFrameworkMoniker = ".NETFramework,Version%3Dv4.5.2"
		Debug.AspNetCompiler.VirtualPath = "/localhost_62318"
		Debug.AspNetCompiler.PhysicalPath = "Website\"
		Debug.AspNetCompiler.TargetPath = "PrecompiledWeb\localhost_62318\"
		Debug.AspNetCompiler.Updateable = "true"
		Debug.AspNetCompiler.ForceOverwrite = "true"
		Debug.AspNetCompiler.FixedNames = "false"
		Debug.AspNetCompiler.Debug = "True"
		Release.AspNetCompiler.VirtualPath = "/localhost_62318"
		Release.AspNetCompiler.PhysicalPath = "Website\"
		Release.AspNetCompiler.TargetPath = "PrecompiledWeb\localhost_62318\"
		Release.AspNetCompiler.Updateable = "true"
		Release.AspNetCompiler.ForceOverwrite = "true"
		Release.AspNetCompiler.FixedNames = "false"
		Release.AspNetCompiler.Debug = "False"
		VWDPort = "62318"
		SlnRelativePath = "Website\"
		DefaultWebSiteLanguage = "Visual C#"
	EndProjectSection
EndProject
Project("{FAE04EC0-301F-11D3-BF4B-00C04F79EFBC}") = "eRestaurantSystem", "eRestaurantSystem\eRestaurantSystem.csproj", "{A0E1FDAB-756C-4193-A8B8-A0B2380A83E3}"
EndProject
Project("{FAE04EC0-301F-11D3-BF4B-00C04F79EFBC}") = "eRestaurantSystem.Data", "eRestaurantSystem.Data\eRestaurantSystem.Data.csproj", "{D803890C-B711-4FDE-8683-66ED0B1B6408}"
EndProject
Global
	GlobalSection(SolutionConfigurationPlatforms) = preSolution
		Debug|Any CPU = Debug|Any CPU
		Release|Any CPU = Release|Any CPU
	EndGlobalSection
	GlobalSection(ProjectConfigurationPlatforms) = postSolution
		{099FD59D-09E7-4402-9119-2731A8871D17}.Debug|Any CPU.ActiveCfg = Debug|Any CPU
		{099FD59D-09E7-4402-9119-2731A8871D17}.Debug|Any CPU.Build.0 = Debug|Any CPU
		{099FD59D-09E7-4402-9119-2731A8871D17}.Release|Any CPU.ActiveCfg = Debug|Any CPU
		{099FD59D-09E7-4402-9119-2731A8871D17}.Release|Any CPU.Build.0 = Debug|Any CPU
		{A0E1FDAB-756C-4193-A8B8-A0B2380A83E3}.Debug|Any CPU.ActiveCfg = Debug|Any CPU
		{A0E1FDAB-756C-4193-A8B8-A0B2380A83E3}.Debug|Any CPU.Build.0 = Debug|Any CPU
		{A0E1FDAB-756C-4193-A8B8-A0B2380A83E3}.Release|Any CPU.ActiveCfg = Release|Any CPU
		{A0E1FDAB-756C-4193-A8B8-A0B2380A83E3}.Release|Any CPU.Build.0 = Release|Any CPU
		{D803890C-B711-4FDE-8683-66ED0B1B6408}.Debug|Any CPU.ActiveCfg = Debug|Any CPU
		{D803890C-B711-4FDE-8683-66ED0B1B6408}.Debug|Any CPU.Build.0 = Debug|Any CPU
		{D803890C-B711-4FDE-8683-66ED0B1B6408}.Release|Any CPU.ActiveCfg = Release|Any CPU
		{D803890C-B711-4FDE-8683-66ED0B1B6408}.Release|Any CPU.Build.0 = Release|Any CPU
	EndGlobalSection
	GlobalSection(SolutionProperties) = preSolution
		HideSolutionNode = FALSE
	EndGlobalSection
EndGlobal
